#
# This file is autogenerated by pip-compile with Python 3.9
# by the following command:
#
#    pip-compile --all-extras --output-file=requirements.lock
#
absl-py==2.3.1
    # via tf-slim
aiohappyeyeballs==2.6.1
    # via aiohttp
aiohttp==3.12.14
    # via openai
aiosignal==1.4.0
    # via aiohttp
amadeusgpt==0.0.2
    # via amadeus-gpt-testing (pyproject.toml)
anyio==4.9.0
    # via
    #   httpx
    #   jupyter-server
argon2-cffi==25.1.0
    # via jupyter-server
argon2-cffi-bindings==21.2.0
    # via argon2-cffi
arrow==1.3.0
    # via isoduration
asttokens==3.0.0
    # via stack-data
async-lru==2.0.5
    # via jupyterlab
async-timeout==5.0.1
    # via aiohttp
attrs==25.3.0
    # via
    #   aiohttp
    #   jsonschema
    #   referencing
babel==2.17.0
    # via jupyterlab-server
beautifulsoup4==4.13.4
    # via nbconvert
bleach[css]==6.2.0
    # via nbconvert
build==1.2.2.post1
    # via pip-tools
c3d==0.5.2
    # via dlc2kinematics
cebra==0.5.0
    # via amadeusgpt
certifi==2025.7.14
    # via
    #   httpcore
    #   httpx
    #   requests
cffi==1.17.1
    # via argon2-cffi-bindings
charset-normalizer==3.4.2
    # via requests
click==8.1.8
    # via pip-tools
colorama==0.4.6
    # via
    #   build
    #   click
    #   ipython
    #   pytest
    #   tqdm
comm==0.2.2
    # via ipykernel
contourpy==1.3.0
    # via matplotlib
cycler==0.12.1
    # via matplotlib
debugpy==1.8.14
    # via ipykernel
decorator==4.4.2
    # via
    #   ipython
    #   moviepy
deeplabcut==2.3rc2
    # via
    #   amadeus-gpt-testing (pyproject.toml)
    #   amadeusgpt
defusedxml==0.7.1
    # via nbconvert
dlc2kinematics==0.0.7
    # via amadeusgpt
docutils==0.21.2
    # via scikit-kinematics
exceptiongroup==1.3.0
    # via
    #   anyio
    #   ipython
    #   pytest
executing==2.2.0
    # via stack-data
fastjsonschema==2.21.1
    # via nbformat
ffmpeg==1.4
    # via amadeusgpt
filelock==3.18.0
    # via torch
filterpy==1.4.5
    # via deeplabcut
fonttools==4.58.5
    # via matplotlib
fqdn==1.5.1
    # via jsonschema
frozenlist==1.7.0
    # via
    #   aiohttp
    #   aiosignal
fsspec==2025.5.1
    # via torch
h11==0.16.0
    # via httpcore
h5py==3.14.0
    # via
    #   amadeusgpt
    #   dlc2kinematics
httpcore==1.0.9
    # via httpx
httpx==0.28.1
    # via jupyterlab
idna==3.10
    # via
    #   anyio
    #   httpx
    #   jsonschema
    #   requests
    #   yarl
imageio==2.37.0
    # via
    #   imgaug
    #   moviepy
    #   scikit-image
imageio-ffmpeg==0.6.0
    # via
    #   deeplabcut
    #   moviepy
imgaug==0.4.0
    # via deeplabcut
importlib-metadata==8.7.0
    # via
    #   build
    #   jupyter-client
    #   jupyter-lsp
    #   jupyterlab
    #   jupyterlab-server
    #   nbconvert
importlib-resources==6.5.2
    # via matplotlib
iniconfig==2.1.0
    # via pytest
ipykernel==6.29.5
    # via jupyterlab
ipython==8.18.1
    # via
    #   dlc2kinematics
    #   ipykernel
ipython-genutils==0.2.0
    # via dlc2kinematics
isoduration==20.11.0
    # via jsonschema
jedi==0.19.2
    # via ipython
jinja2==3.1.6
    # via
    #   jupyter-server
    #   jupyterlab
    #   jupyterlab-server
    #   nbconvert
    #   torch
joblib==1.5.1
    # via
    #   cebra
    #   pynndescent
    #   scikit-learn
json5==0.12.0
    # via jupyterlab-server
jsonpointer==3.0.0
    # via jsonschema
jsonschema[format-nongpl]==4.24.0
    # via
    #   jupyter-events
    #   jupyterlab-server
    #   nbformat
jsonschema-specifications==2025.4.1
    # via jsonschema
jupyter-client==8.6.3
    # via
    #   ipykernel
    #   jupyter-server
    #   nbclient
jupyter-core==5.8.1
    # via
    #   ipykernel
    #   jupyter-client
    #   jupyter-server
    #   jupyterlab
    #   nbclient
    #   nbconvert
    #   nbformat
jupyter-events==0.12.0
    # via jupyter-server
jupyter-lsp==2.2.5
    # via jupyterlab
jupyter-server==2.16.0
    # via
    #   jupyter-lsp
    #   jupyterlab
    #   jupyterlab-server
    #   notebook
    #   notebook-shim
jupyter-server-terminals==0.5.3
    # via jupyter-server
jupyterlab==4.2.7
    # via notebook
jupyterlab-pygments==0.3.0
    # via nbconvert
jupyterlab-server==2.27.3
    # via
    #   jupyterlab
    #   notebook
kiwisolver==1.4.7
    # via matplotlib
lazy-loader==0.4
    # via scikit-image
literate-dataclasses==0.0.6
    # via cebra
llvmlite==0.43.0
    # via
    #   numba
    #   pynndescent
markupsafe==3.0.2
    # via
    #   jinja2
    #   nbconvert
matplotlib==3.9.0
    # via
    #   cebra
    #   deeplabcut
    #   dlc2kinematics
    #   filterpy
    #   imgaug
    #   scikit-kinematics
matplotlib-inline==0.1.7
    # via
    #   ipykernel
    #   ipython
mistune==3.1.3
    # via nbconvert
moviepy==1.0.3
    # via amadeusgpt
mpmath==1.3.0
    # via sympy
msgpack==1.1.1
    # via
    #   amadeusgpt
    #   msgpack-numpy
    #   tensorpack
msgpack-numpy==0.4.8
    # via tensorpack
multidict==6.6.3
    # via
    #   aiohttp
    #   yarl
nbclient==0.10.2
    # via nbconvert
nbconvert==7.16.6
    # via jupyter-server
nbformat==5.10.4
    # via
    #   jupyter-server
    #   nbclient
    #   nbconvert
nest-asyncio==1.6.0
    # via ipykernel
networkx==3.2.1
    # via
    #   deeplabcut
    #   scikit-image
    #   torch
notebook==7.2.0
    # via amadeus-gpt-testing (pyproject.toml)
notebook-shim==0.2.4
    # via
    #   jupyterlab
    #   notebook
numba==0.60.0
    # via
    #   deeplabcut
    #   pynndescent
    #   umap-learn
numexpr==2.10.2
    # via tables
numpy==1.24.4
    # via
    #   c3d
    #   cebra
    #   contourpy
    #   deeplabcut
    #   dlc2kinematics
    #   filterpy
    #   h5py
    #   imageio
    #   imgaug
    #   matplotlib
    #   moviepy
    #   msgpack-numpy
    #   numba
    #   numexpr
    #   opencv-python
    #   opencv-python-headless
    #   pandas
    #   patsy
    #   pycocotools
    #   scikit-image
    #   scikit-kinematics
    #   scikit-learn
    #   scipy
    #   shapely
    #   statsmodels
    #   tables
    #   tensorpack
    #   tifffile
    #   torchvision
    #   umap-learn
openai==0.27.4
    # via amadeusgpt
opencv-python==4.11.0.86
    # via imgaug
opencv-python-headless==4.11.0.86
    # via amadeusgpt
overrides==7.7.0
    # via jupyter-server
packaging==25.0
    # via
    #   build
    #   ipykernel
    #   jupyter-events
    #   jupyter-server
    #   jupyterlab
    #   jupyterlab-server
    #   lazy-loader
    #   matplotlib
    #   nbconvert
    #   pytest
    #   scikit-image
    #   statsmodels
    #   tables
pandas==2.3.1
    # via
    #   deeplabcut
    #   dlc2kinematics
    #   scikit-kinematics
    #   statsmodels
pandocfilters==1.5.1
    # via nbconvert
parso==0.8.4
    # via jedi
patsy==1.0.1
    # via statsmodels
pillow==11.3.0
    # via
    #   deeplabcut
    #   imageio
    #   imgaug
    #   matplotlib
    #   scikit-image
    #   torchvision
pip-tools==7.4.1
    # via amadeus-gpt-testing (pyproject.toml)
platformdirs==4.3.8
    # via jupyter-core
pluggy==1.6.0
    # via pytest
proglog==0.1.12
    # via moviepy
prometheus-client==0.22.1
    # via jupyter-server
prompt-toolkit==3.0.51
    # via ipython
propcache==0.3.2
    # via
    #   aiohttp
    #   yarl
psutil==7.0.0
    # via
    #   ipykernel
    #   tensorpack
pure-eval==0.2.3
    # via stack-data
pycocotools==2.0.10
    # via amadeusgpt
pycparser==2.22
    # via cffi
pygame==2.6.1
    # via scikit-kinematics
pygments==2.19.2
    # via
    #   ipython
    #   nbconvert
pynndescent==0.5.13
    # via umap-learn
pyparsing==3.2.3
    # via matplotlib
pyproject-hooks==1.2.0
    # via
    #   build
    #   pip-tools
pytest==7.4.4
    # via amadeus-gpt-testing (pyproject.toml)
python-dateutil==2.9.0.post0
    # via
    #   arrow
    #   dlc2kinematics
    #   jupyter-client
    #   matplotlib
    #   pandas
python-dotenv==1.1.1
    # via amadeus-gpt-testing (pyproject.toml)
python-json-logger==3.3.0
    # via jupyter-events
pytz==2025.2
    # via pandas
pywin32==310
    # via jupyter-core
pywinpty==2.0.15
    # via
    #   jupyter-server
    #   jupyter-server-terminals
    #   terminado
pyyaml==6.0.2
    # via
    #   deeplabcut
    #   dlc2kinematics
    #   jupyter-events
pyzmq==27.0.0
    # via
    #   ipykernel
    #   jupyter-client
    #   jupyter-server
    #   tensorpack
referencing==0.36.2
    # via
    #   jsonschema
    #   jsonschema-specifications
    #   jupyter-events
requests==2.32.4
    # via
    #   cebra
    #   dlc2kinematics
    #   jupyterlab-server
    #   moviepy
    #   openai
rfc3339-validator==0.1.4
    # via
    #   jsonschema
    #   jupyter-events
rfc3986-validator==0.1.1
    # via
    #   jsonschema
    #   jupyter-events
rpds-py==0.26.0
    # via
    #   jsonschema
    #   referencing
ruamel-yaml==0.18.14
    # via
    #   deeplabcut
    #   dlc2kinematics
ruamel-yaml-clib==0.2.12
    # via ruamel-yaml
scikit-image==0.24.0
    # via
    #   deeplabcut
    #   dlc2kinematics
    #   imgaug
scikit-kinematics==0.10.1
    # via dlc2kinematics
scikit-learn==1.2.1
    # via
    #   cebra
    #   deeplabcut
    #   dlc2kinematics
    #   pynndescent
    #   umap-learn
scipy==1.13.1
    # via
    #   cebra
    #   deeplabcut
    #   dlc2kinematics
    #   filterpy
    #   imgaug
    #   pynndescent
    #   scikit-image
    #   scikit-kinematics
    #   scikit-learn
    #   statsmodels
    #   umap-learn
segment-anything==1.0
    # via amadeusgpt
send2trash==1.8.3
    # via jupyter-server
shapely==2.0.7
    # via imgaug
six==1.17.0
    # via
    #   imgaug
    #   python-dateutil
    #   rfc3339-validator
    #   tensorpack
sniffio==1.3.1
    # via anyio
soupsieve==2.7
    # via beautifulsoup4
stack-data==0.6.3
    # via ipython
statsmodels==0.14.5
    # via deeplabcut
sympy==1.14.0
    # via
    #   scikit-kinematics
    #   torch
tables==3.7.0
    # via
    #   amadeus-gpt-testing (pyproject.toml)
    #   amadeusgpt
    #   deeplabcut
    #   dlc2kinematics
tabulate==0.9.0
    # via tensorpack
tensorpack==0.11
    # via deeplabcut
termcolor==3.1.0
    # via tensorpack
terminado==0.18.1
    # via
    #   jupyter-server
    #   jupyter-server-terminals
tf-slim==1.1.0
    # via deeplabcut
threadpoolctl==3.6.0
    # via scikit-learn
tifffile==2024.8.30
    # via scikit-image
tinycss2==1.4.0
    # via bleach
tomli==2.2.1
    # via
    #   build
    #   jupyterlab
    #   pip-tools
    #   pytest
torch==2.7.1
    # via
    #   amadeusgpt
    #   cebra
    #   deeplabcut
    #   torchvision
torchvision==0.22.1
    # via amadeusgpt
tornado==6.5.1
    # via
    #   ipykernel
    #   jupyter-client
    #   jupyter-server
    #   jupyterlab
    #   notebook
    #   terminado
tqdm==4.67.1
    # via
    #   cebra
    #   deeplabcut
    #   dlc2kinematics
    #   moviepy
    #   openai
    #   proglog
    #   tensorpack
    #   umap-learn
traitlets==5.14.3
    # via
    #   comm
    #   ipykernel
    #   ipython
    #   jupyter-client
    #   jupyter-core
    #   jupyter-events
    #   jupyter-server
    #   jupyterlab
    #   matplotlib-inline
    #   nbclient
    #   nbconvert
    #   nbformat
types-python-dateutil==2.9.0.20250708
    # via arrow
typing-extensions==4.14.1
    # via
    #   aiosignal
    #   anyio
    #   async-lru
    #   beautifulsoup4
    #   exceptiongroup
    #   ipython
    #   mistune
    #   multidict
    #   python-json-logger
    #   referencing
    #   torch
tzdata==2025.2
    # via pandas
umap==0.1.1
    # via amadeusgpt
umap-learn==0.5.7
    # via dlc2kinematics
uri-template==1.3.0
    # via jsonschema
urllib3==2.5.0
    # via requests
wcwidth==0.2.13
    # via prompt-toolkit
webcolors==24.11.1
    # via jsonschema
webencodings==0.5.1
    # via
    #   bleach
    #   tinycss2
websocket-client==1.8.0
    # via jupyter-server
wheel==0.45.1
    # via
    #   dlc2kinematics
    #   pip-tools
yarl==1.20.1
    # via aiohttp
zipp==3.23.0
    # via
    #   importlib-metadata
    #   importlib-resources

# The following packages are considered to be unsafe in a requirements file:
# pip
# setuptools
